// !$*UTF8*$!
{
	archiveVersion = 1;
	classes = {
	};
	objectVersion = 46;
	objects = {

/* Begin PBXBuildFile section */
		C41892D31C0F2BB800794ECE /* addBtn_Nav@2x.png in Resources */ = {isa = PBXBuildFile; fileRef = C41892C91C0F2BB800794ECE /* addBtn_Nav@2x.png */; };
		C41892D41C0F2BB800794ECE /* addUserBtn_Nav@2x.png in Resources */ = {isa = PBXBuildFile; fileRef = C41892CA1C0F2BB800794ECE /* addUserBtn_Nav@2x.png */; };
		C41892D51C0F2BB800794ECE /* dismissBtn_Nav@2x.png in Resources */ = {isa = PBXBuildFile; fileRef = C41892CB1C0F2BB800794ECE /* dismissBtn_Nav@2x.png */; };
		C41892D61C0F2BB800794ECE /* info_Nav@2x.png in Resources */ = {isa = PBXBuildFile; fileRef = C41892CC1C0F2BB800794ECE /* info_Nav@2x.png */; };
		C41892D71C0F2BB800794ECE /* moreBtn_Nav@2x.png in Resources */ = {isa = PBXBuildFile; fileRef = C41892CD1C0F2BB800794ECE /* moreBtn_Nav@2x.png */; };
		C41892D81C0F2BB800794ECE /* search_Nav@2x.png in Resources */ = {isa = PBXBuildFile; fileRef = C41892CE1C0F2BB800794ECE /* search_Nav@2x.png */; };
		C41892D91C0F2BB800794ECE /* settingBtn_Nav@2x.png in Resources */ = {isa = PBXBuildFile; fileRef = C41892CF1C0F2BB800794ECE /* settingBtn_Nav@2x.png */; };
		C41892DA1C0F2BB800794ECE /* timeBtn_Nav@2x.png in Resources */ = {isa = PBXBuildFile; fileRef = C41892D01C0F2BB800794ECE /* timeBtn_Nav@2x.png */; };
		C41892DB1C0F2BB800794ECE /* tweetBtn_Nav@2x.png in Resources */ = {isa = PBXBuildFile; fileRef = C41892D11C0F2BB800794ECE /* tweetBtn_Nav@2x.png */; };
		C41892DC1C0F2BB800794ECE /* twoFABtn_Nav@2x.png in Resources */ = {isa = PBXBuildFile; fileRef = C41892D21C0F2BB800794ECE /* twoFABtn_Nav@2x.png */; };
		C41893671C1085C400794ECE /* messageAT@2x.png in Resources */ = {isa = PBXBuildFile; fileRef = C41893641C1085C400794ECE /* messageAT@2x.png */; };
		C41893681C1085C400794ECE /* messageComment@2x.png in Resources */ = {isa = PBXBuildFile; fileRef = C41893651C1085C400794ECE /* messageComment@2x.png */; };
		C41893691C1085C400794ECE /* messageSystem@2x.png in Resources */ = {isa = PBXBuildFile; fileRef = C41893661C1085C400794ECE /* messageSystem@2x.png */; };
		C4D721811C0C99E700BEA80A /* main.m in Sources */ = {isa = PBXBuildFile; fileRef = C4D721801C0C99E700BEA80A /* main.m */; };
		C4D721841C0C99E700BEA80A /* AppDelegate.m in Sources */ = {isa = PBXBuildFile; fileRef = C4D721831C0C99E700BEA80A /* AppDelegate.m */; };
		C4D721861C0C99E700BEA80A /* Assets.xcassets in Resources */ = {isa = PBXBuildFile; fileRef = C4D721851C0C99E700BEA80A /* Assets.xcassets */; };
		C4D721891C0C99E700BEA80A /* LaunchScreen.storyboard in Resources */ = {isa = PBXBuildFile; fileRef = C4D721871C0C99E700BEA80A /* LaunchScreen.storyboard */; };
		C4D721951C0C9A8500BEA80A /* JYTabBarController.m in Sources */ = {isa = PBXBuildFile; fileRef = C4D721941C0C9A8500BEA80A /* JYTabBarController.m */; };
		C4D721EC1C0DD58A00BEA80A /* BaseViewController.m in Sources */ = {isa = PBXBuildFile; fileRef = C4D721EB1C0DD58A00BEA80A /* BaseViewController.m */; };
		C4D721EF1C0DD6B500BEA80A /* ProjectViewController.m in Sources */ = {isa = PBXBuildFile; fileRef = C4D721EE1C0DD6B500BEA80A /* ProjectViewController.m */; };
		C4D721F21C0DD6C100BEA80A /* TaskViewController.m in Sources */ = {isa = PBXBuildFile; fileRef = C4D721F11C0DD6C100BEA80A /* TaskViewController.m */; };
		C4D721F51C0DD6D100BEA80A /* TweetViewController.m in Sources */ = {isa = PBXBuildFile; fileRef = C4D721F41C0DD6D100BEA80A /* TweetViewController.m */; };
		C4D721F81C0DD6E200BEA80A /* MessageViewController.m in Sources */ = {isa = PBXBuildFile; fileRef = C4D721F71C0DD6E200BEA80A /* MessageViewController.m */; };
		C4D721FB1C0DD6EC00BEA80A /* MeViewController.m in Sources */ = {isa = PBXBuildFile; fileRef = C4D721FA1C0DD6EC00BEA80A /* MeViewController.m */; };
		C4D722081C0DD7D300BEA80A /* me_normal@2x.png in Resources */ = {isa = PBXBuildFile; fileRef = C4D721FE1C0DD7D300BEA80A /* me_normal@2x.png */; };
		C4D722091C0DD7D300BEA80A /* me_selected@2x.png in Resources */ = {isa = PBXBuildFile; fileRef = C4D721FF1C0DD7D300BEA80A /* me_selected@2x.png */; };
		C4D7220A1C0DD7D300BEA80A /* message_normal@2x.png in Resources */ = {isa = PBXBuildFile; fileRef = C4D722001C0DD7D300BEA80A /* message_normal@2x.png */; };
		C4D7220B1C0DD7D300BEA80A /* message_selected@2x.png in Resources */ = {isa = PBXBuildFile; fileRef = C4D722011C0DD7D300BEA80A /* message_selected@2x.png */; };
		C4D7220C1C0DD7D300BEA80A /* project_normal@2x.png in Resources */ = {isa = PBXBuildFile; fileRef = C4D722021C0DD7D300BEA80A /* project_normal@2x.png */; };
		C4D7220D1C0DD7D300BEA80A /* project_selected@2x.png in Resources */ = {isa = PBXBuildFile; fileRef = C4D722031C0DD7D300BEA80A /* project_selected@2x.png */; };
		C4D7220E1C0DD7D300BEA80A /* task_normal@2x.png in Resources */ = {isa = PBXBuildFile; fileRef = C4D722041C0DD7D300BEA80A /* task_normal@2x.png */; };
		C4D7220F1C0DD7D300BEA80A /* task_selected@2x.png in Resources */ = {isa = PBXBuildFile; fileRef = C4D722051C0DD7D300BEA80A /* task_selected@2x.png */; };
		C4D722101C0DD7D300BEA80A /* tweet_normal@2x.png in Resources */ = {isa = PBXBuildFile; fileRef = C4D722061C0DD7D300BEA80A /* tweet_normal@2x.png */; };
		C4D722111C0DD7D300BEA80A /* tweet_selected@2x.png in Resources */ = {isa = PBXBuildFile; fileRef = C4D722071C0DD7D300BEA80A /* tweet_selected@2x.png */; };
/* End PBXBuildFile section */

/* Begin PBXFileReference section */
		C41892C91C0F2BB800794ECE /* addBtn_Nav@2x.png */ = {isa = PBXFileReference; lastKnownFileType = image.png; path = "addBtn_Nav@2x.png"; sourceTree = "<group>"; };
		C41892CA1C0F2BB800794ECE /* addUserBtn_Nav@2x.png */ = {isa = PBXFileReference; lastKnownFileType = image.png; path = "addUserBtn_Nav@2x.png"; sourceTree = "<group>"; };
		C41892CB1C0F2BB800794ECE /* dismissBtn_Nav@2x.png */ = {isa = PBXFileReference; lastKnownFileType = image.png; path = "dismissBtn_Nav@2x.png"; sourceTree = "<group>"; };
		C41892CC1C0F2BB800794ECE /* info_Nav@2x.png */ = {isa = PBXFileReference; lastKnownFileType = image.png; path = "info_Nav@2x.png"; sourceTree = "<group>"; };
		C41892CD1C0F2BB800794ECE /* moreBtn_Nav@2x.png */ = {isa = PBXFileReference; lastKnownFileType = image.png; path = "moreBtn_Nav@2x.png"; sourceTree = "<group>"; };
		C41892CE1C0F2BB800794ECE /* search_Nav@2x.png */ = {isa = PBXFileReference; lastKnownFileType = image.png; path = "search_Nav@2x.png"; sourceTree = "<group>"; };
		C41892CF1C0F2BB800794ECE /* settingBtn_Nav@2x.png */ = {isa = PBXFileReference; lastKnownFileType = image.png; path = "settingBtn_Nav@2x.png"; sourceTree = "<group>"; };
		C41892D01C0F2BB800794ECE /* timeBtn_Nav@2x.png */ = {isa = PBXFileReference; lastKnownFileType = image.png; path = "timeBtn_Nav@2x.png"; sourceTree = "<group>"; };
		C41892D11C0F2BB800794ECE /* tweetBtn_Nav@2x.png */ = {isa = PBXFileReference; lastKnownFileType = image.png; path = "tweetBtn_Nav@2x.png"; sourceTree = "<group>"; };
		C41892D21C0F2BB800794ECE /* twoFABtn_Nav@2x.png */ = {isa = PBXFileReference; lastKnownFileType = image.png; path = "twoFABtn_Nav@2x.png"; sourceTree = "<group>"; };
		C41893641C1085C400794ECE /* messageAT@2x.png */ = {isa = PBXFileReference; lastKnownFileType = image.png; name = "messageAT@2x.png"; path = "resource/message/messageAT@2x.png"; sourceTree = "<group>"; };
		C41893651C1085C400794ECE /* messageComment@2x.png */ = {isa = PBXFileReference; lastKnownFileType = image.png; name = "messageComment@2x.png"; path = "resource/message/messageComment@2x.png"; sourceTree = "<group>"; };
		C41893661C1085C400794ECE /* messageSystem@2x.png */ = {isa = PBXFileReference; lastKnownFileType = image.png; name = "messageSystem@2x.png"; path = "resource/message/messageSystem@2x.png"; sourceTree = "<group>"; };
		C4D7217C1C0C99E700BEA80A /* CodingPlatform.app */ = {isa = PBXFileReference; explicitFileType = wrapper.application; includeInIndex = 0; path = CodingPlatform.app; sourceTree = BUILT_PRODUCTS_DIR; };
		C4D721801C0C99E700BEA80A /* main.m */ = {isa = PBXFileReference; lastKnownFileType = sourcecode.c.objc; path = main.m; sourceTree = "<group>"; };
		C4D721821C0C99E700BEA80A /* AppDelegate.h */ = {isa = PBXFileReference; lastKnownFileType = sourcecode.c.h; path = AppDelegate.h; sourceTree = "<group>"; };
		C4D721831C0C99E700BEA80A /* AppDelegate.m */ = {isa = PBXFileReference; lastKnownFileType = sourcecode.c.objc; path = AppDelegate.m; sourceTree = "<group>"; };
		C4D721851C0C99E700BEA80A /* Assets.xcassets */ = {isa = PBXFileReference; lastKnownFileType = folder.assetcatalog; path = Assets.xcassets; sourceTree = "<group>"; };
		C4D721881C0C99E700BEA80A /* Base */ = {isa = PBXFileReference; lastKnownFileType = file.storyboard; name = Base; path = Base.lproj/LaunchScreen.storyboard; sourceTree = "<group>"; };
		C4D7218A1C0C99E700BEA80A /* Info.plist */ = {isa = PBXFileReference; lastKnownFileType = text.plist.xml; path = Info.plist; sourceTree = "<group>"; };
		C4D721931C0C9A8500BEA80A /* JYTabBarController.h */ = {isa = PBXFileReference; fileEncoding = 4; lastKnownFileType = sourcecode.c.h; path = JYTabBarController.h; sourceTree = "<group>"; };
		C4D721941C0C9A8500BEA80A /* JYTabBarController.m */ = {isa = PBXFileReference; fileEncoding = 4; lastKnownFileType = sourcecode.c.objc; path = JYTabBarController.m; sourceTree = "<group>"; };
		C4D721E81C0DD24500BEA80A /* utility.pch */ = {isa = PBXFileReference; fileEncoding = 4; lastKnownFileType = sourcecode.c.h; path = utility.pch; sourceTree = "<group>"; };
		C4D721EA1C0DD58A00BEA80A /* BaseViewController.h */ = {isa = PBXFileReference; fileEncoding = 4; lastKnownFileType = sourcecode.c.h; path = BaseViewController.h; sourceTree = "<group>"; };
		C4D721EB1C0DD58A00BEA80A /* BaseViewController.m */ = {isa = PBXFileReference; fileEncoding = 4; lastKnownFileType = sourcecode.c.objc; path = BaseViewController.m; sourceTree = "<group>"; };
		C4D721ED1C0DD6B500BEA80A /* ProjectViewController.h */ = {isa = PBXFileReference; fileEncoding = 4; lastKnownFileType = sourcecode.c.h; path = ProjectViewController.h; sourceTree = "<group>"; };
		C4D721EE1C0DD6B500BEA80A /* ProjectViewController.m */ = {isa = PBXFileReference; fileEncoding = 4; lastKnownFileType = sourcecode.c.objc; path = ProjectViewController.m; sourceTree = "<group>"; };
		C4D721F01C0DD6C100BEA80A /* TaskViewController.h */ = {isa = PBXFileReference; fileEncoding = 4; lastKnownFileType = sourcecode.c.h; path = TaskViewController.h; sourceTree = "<group>"; };
		C4D721F11C0DD6C100BEA80A /* TaskViewController.m */ = {isa = PBXFileReference; fileEncoding = 4; lastKnownFileType = sourcecode.c.objc; path = TaskViewController.m; sourceTree = "<group>"; };
		C4D721F31C0DD6D100BEA80A /* TweetViewController.h */ = {isa = PBXFileReference; fileEncoding = 4; lastKnownFileType = sourcecode.c.h; path = TweetViewController.h; sourceTree = "<group>"; };
		C4D721F41C0DD6D100BEA80A /* TweetViewController.m */ = {isa = PBXFileReference; fileEncoding = 4; lastKnownFileType = sourcecode.c.objc; path = TweetViewController.m; sourceTree = "<group>"; };
		C4D721F61C0DD6E200BEA80A /* MessageViewController.h */ = {isa = PBXFileReference; fileEncoding = 4; lastKnownFileType = sourcecode.c.h; path = MessageViewController.h; sourceTree = "<group>"; };
		C4D721F71C0DD6E200BEA80A /* MessageViewController.m */ = {isa = PBXFileReference; fileEncoding = 4; lastKnownFileType = sourcecode.c.objc; path = MessageViewController.m; sourceTree = "<group>"; };
		C4D721F91C0DD6EC00BEA80A /* MeViewController.h */ = {isa = PBXFileReference; fileEncoding = 4; lastKnownFileType = sourcecode.c.h; path = MeViewController.h; sourceTree = "<group>"; };
		C4D721FA1C0DD6EC00BEA80A /* MeViewController.m */ = {isa = PBXFileReference; fileEncoding = 4; lastKnownFileType = sourcecode.c.objc; path = MeViewController.m; sourceTree = "<group>"; };
		C4D721FE1C0DD7D300BEA80A /* me_normal@2x.png */ = {isa = PBXFileReference; lastKnownFileType = image.png; path = "me_normal@2x.png"; sourceTree = "<group>"; };
		C4D721FF1C0DD7D300BEA80A /* me_selected@2x.png */ = {isa = PBXFileReference; lastKnownFileType = image.png; path = "me_selected@2x.png"; sourceTree = "<group>"; };
		C4D722001C0DD7D300BEA80A /* message_normal@2x.png */ = {isa = PBXFileReference; lastKnownFileType = image.png; path = "message_normal@2x.png"; sourceTree = "<group>"; };
		C4D722011C0DD7D300BEA80A /* message_selected@2x.png */ = {isa = PBXFileReference; lastKnownFileType = image.png; path = "message_selected@2x.png"; sourceTree = "<group>"; };
		C4D722021C0DD7D300BEA80A /* project_normal@2x.png */ = {isa = PBXFileReference; lastKnownFileType = image.png; path = "project_normal@2x.png"; sourceTree = "<group>"; };
		C4D722031C0DD7D300BEA80A /* project_selected@2x.png */ = {isa = PBXFileReference; lastKnownFileType = image.png; path = "project_selected@2x.png"; sourceTree = "<group>"; };
		C4D722041C0DD7D300BEA80A /* task_normal@2x.png */ = {isa = PBXFileReference; lastKnownFileType = image.png; path = "task_normal@2x.png"; sourceTree = "<group>"; };
		C4D722051C0DD7D300BEA80A /* task_selected@2x.png */ = {isa = PBXFileReference; lastKnownFileType = image.png; path = "task_selected@2x.png"; sourceTree = "<group>"; };
		C4D722061C0DD7D300BEA80A /* tweet_normal@2x.png */ = {isa = PBXFileReference; lastKnownFileType = image.png; path = "tweet_normal@2x.png"; sourceTree = "<group>"; };
		C4D722071C0DD7D300BEA80A /* tweet_selected@2x.png */ = {isa = PBXFileReference; lastKnownFileType = image.png; path = "tweet_selected@2x.png"; sourceTree = "<group>"; };
/* End PBXFileReference section */

/* Begin PBXFrameworksBuildPhase section */
		C4D721791C0C99E700BEA80A /* Frameworks */ = {
			isa = PBXFrameworksBuildPhase;
			buildActionMask = 2147483647;
			files = (
			);
			runOnlyForDeploymentPostprocessing = 0;
		};
/* End PBXFrameworksBuildPhase section */

/* Begin PBXGroup section */
		C41892C81C0F2BB800794ECE /* navbar */ = {
			isa = PBXGroup;
			children = (
				C41892C91C0F2BB800794ECE /* addBtn_Nav@2x.png */,
				C41892CA1C0F2BB800794ECE /* addUserBtn_Nav@2x.png */,
				C41892CB1C0F2BB800794ECE /* dismissBtn_Nav@2x.png */,
				C41892CC1C0F2BB800794ECE /* info_Nav@2x.png */,
				C41892CD1C0F2BB800794ECE /* moreBtn_Nav@2x.png */,
				C41892CE1C0F2BB800794ECE /* search_Nav@2x.png */,
				C41892CF1C0F2BB800794ECE /* settingBtn_Nav@2x.png */,
				C41892D01C0F2BB800794ECE /* timeBtn_Nav@2x.png */,
				C41892D11C0F2BB800794ECE /* tweetBtn_Nav@2x.png */,
				C41892D21C0F2BB800794ECE /* twoFABtn_Nav@2x.png */,
			);
			path = navbar;
			sourceTree = "<group>";
		};
		C418935D1C10854E00794ECE /* message */ = {
			isa = PBXGroup;
			children = (
				C41893641C1085C400794ECE /* messageAT@2x.png */,
				C41893651C1085C400794ECE /* messageComment@2x.png */,
				C41893661C1085C400794ECE /* messageSystem@2x.png */,
				C4D721F61C0DD6E200BEA80A /* MessageViewController.h */,
				C4D721F71C0DD6E200BEA80A /* MessageViewController.m */,
			);
			name = message;
			sourceTree = "<group>";
		};
		C4D721731C0C99E700BEA80A = {
			isa = PBXGroup;
			children = (
				C4D7217E1C0C99E700BEA80A /* CodingPlatform */,
				C4D7217D1C0C99E700BEA80A /* Products */,
			);
			sourceTree = "<group>";
		};
		C4D7217D1C0C99E700BEA80A /* Products */ = {
			isa = PBXGroup;
			children = (
				C4D7217C1C0C99E700BEA80A /* CodingPlatform.app */,
			);
			name = Products;
			sourceTree = "<group>";
		};
		C4D7217E1C0C99E700BEA80A /* CodingPlatform */ = {
			isa = PBXGroup;
			children = (
				C4D721FC1C0DD7D300BEA80A /* resource */,
				C4D721E91C0DD56F00BEA80A /* Controllers */,
				C4D721931C0C9A8500BEA80A /* JYTabBarController.h */,
				C4D721941C0C9A8500BEA80A /* JYTabBarController.m */,
				C4D721821C0C99E700BEA80A /* AppDelegate.h */,
				C4D721831C0C99E700BEA80A /* AppDelegate.m */,
				C4D721E81C0DD24500BEA80A /* utility.pch */,
				C4D721851C0C99E700BEA80A /* Assets.xcassets */,
				C4D721871C0C99E700BEA80A /* LaunchScreen.storyboard */,
				C4D7218A1C0C99E700BEA80A /* Info.plist */,
				C4D7217F1C0C99E700BEA80A /* Supporting Files */,
			);
			path = CodingPlatform;
			sourceTree = "<group>";
		};
		C4D7217F1C0C99E700BEA80A /* Supporting Files */ = {
			isa = PBXGroup;
			children = (
				C4D721801C0C99E700BEA80A /* main.m */,
			);
			name = "Supporting Files";
			sourceTree = "<group>";
		};
		C4D721E91C0DD56F00BEA80A /* Controllers */ = {
			isa = PBXGroup;
			children = (
				C418935D1C10854E00794ECE /* message */,
				C4D721EA1C0DD58A00BEA80A /* BaseViewController.h */,
				C4D721EB1C0DD58A00BEA80A /* BaseViewController.m */,
				C4D721ED1C0DD6B500BEA80A /* ProjectViewController.h */,
				C4D721EE1C0DD6B500BEA80A /* ProjectViewController.m */,
				C4D721F01C0DD6C100BEA80A /* TaskViewController.h */,
				C4D721F11C0DD6C100BEA80A /* TaskViewController.m */,
				C4D721F31C0DD6D100BEA80A /* TweetViewController.h */,
				C4D721F41C0DD6D100BEA80A /* TweetViewController.m */,
				C4D721F91C0DD6EC00BEA80A /* MeViewController.h */,
				C4D721FA1C0DD6EC00BEA80A /* MeViewController.m */,
			);
			name = Controllers;
			sourceTree = "<group>";
		};
		C4D721FC1C0DD7D300BEA80A /* resource */ = {
			isa = PBXGroup;
			children = (
				C41892C81C0F2BB800794ECE /* navbar */,
				C4D721FD1C0DD7D300BEA80A /* tabbar */,
			);
			path = resource;
			sourceTree = "<group>";
		};
		C4D721FD1C0DD7D300BEA80A /* tabbar */ = {
			isa = PBXGroup;
			children = (
				C4D721FE1C0DD7D300BEA80A /* me_normal@2x.png */,
				C4D721FF1C0DD7D300BEA80A /* me_selected@2x.png */,
				C4D722001C0DD7D300BEA80A /* message_normal@2x.png */,
				C4D722011C0DD7D300BEA80A /* message_selected@2x.png */,
				C4D722021C0DD7D300BEA80A /* project_normal@2x.png */,
				C4D722031C0DD7D300BEA80A /* project_selected@2x.png */,
				C4D722041C0DD7D300BEA80A /* task_normal@2x.png */,
				C4D722051C0DD7D300BEA80A /* task_selected@2x.png */,
				C4D722061C0DD7D300BEA80A /* tweet_normal@2x.png */,
				C4D722071C0DD7D300BEA80A /* tweet_selected@2x.png */,
			);
			path = tabbar;
			sourceTree = "<group>";
		};
/* End PBXGroup section */

/* Begin PBXNativeTarget section */
		C4D7217B1C0C99E700BEA80A /* CodingPlatform */ = {
			isa = PBXNativeTarget;
			buildConfigurationList = C4D7218D1C0C99E700BEA80A /* Build configuration list for PBXNativeTarget "CodingPlatform" */;
			buildPhases = (
				C4D721781C0C99E700BEA80A /* Sources */,
				C4D721791C0C99E700BEA80A /* Frameworks */,
				C4D7217A1C0C99E700BEA80A /* Resources */,
			);
			buildRules = (
			);
			dependencies = (
			);
			name = CodingPlatform;
			productName = CodingPlatform;
			productReference = C4D7217C1C0C99E700BEA80A /* CodingPlatform.app */;
			productType = "com.apple.product-type.application";
		};
/* End PBXNativeTarget section */

/* Begin PBXProject section */
		C4D721741C0C99E700BEA80A /* Project object */ = {
			isa = PBXProject;
			attributes = {
				LastUpgradeCheck = 0710;
				ORGANIZATIONNAME = Jerry;
				TargetAttributes = {
					C4D7217B1C0C99E700BEA80A = {
						CreatedOnToolsVersion = 7.1;
						DevelopmentTeam = 8Q789EGWJ2;
					};
				};
			};
			buildConfigurationList = C4D721771C0C99E700BEA80A /* Build configuration list for PBXProject "CodingPlatform" */;
			compatibilityVersion = "Xcode 3.2";
			developmentRegion = English;
			hasScannedForEncodings = 0;
			knownRegions = (
				en,
				Base,
			);
			mainGroup = C4D721731C0C99E700BEA80A;
			productRefGroup = C4D7217D1C0C99E700BEA80A /* Products */;
			projectDirPath = "";
			projectRoot = "";
			targets = (
				C4D7217B1C0C99E700BEA80A /* CodingPlatform */,
			);
		};
/* End PBXProject section */

/* Begin PBXResourcesBuildPhase section */
		C4D7217A1C0C99E700BEA80A /* Resources */ = {
			isa = PBXResourcesBuildPhase;
			buildActionMask = 2147483647;
			files = (
				C4D721861C0C99E700BEA80A /* Assets.xcassets in Resources */,
				C41892DB1C0F2BB800794ECE /* tweetBtn_Nav@2x.png in Resources */,
				C4D7220C1C0DD7D300BEA80A /* project_normal@2x.png in Resources */,
				C4D7220F1C0DD7D300BEA80A /* task_selected@2x.png in Resources */,
				C41892D31C0F2BB800794ECE /* addBtn_Nav@2x.png in Resources */,
				C41893671C1085C400794ECE /* messageAT@2x.png in Resources */,
				C4D722091C0DD7D300BEA80A /* me_selected@2x.png in Resources */,
				C4D7220D1C0DD7D300BEA80A /* project_selected@2x.png in Resources */,
				C4D7220A1C0DD7D300BEA80A /* message_normal@2x.png in Resources */,
				C41892D91C0F2BB800794ECE /* settingBtn_Nav@2x.png in Resources */,
				C41892D71C0F2BB800794ECE /* moreBtn_Nav@2x.png in Resources */,
				C4D7220B1C0DD7D300BEA80A /* message_selected@2x.png in Resources */,
				C41892DA1C0F2BB800794ECE /* timeBtn_Nav@2x.png in Resources */,
				C41892D51C0F2BB800794ECE /* dismissBtn_Nav@2x.png in Resources */,
				C4D721891C0C99E700BEA80A /* LaunchScreen.storyboard in Resources */,
				C4D722081C0DD7D300BEA80A /* me_normal@2x.png in Resources */,
				C4D7220E1C0DD7D300BEA80A /* task_normal@2x.png in Resources */,
				C41892D61C0F2BB800794ECE /* info_Nav@2x.png in Resources */,
				C41893691C1085C400794ECE /* messageSystem@2x.png in Resources */,
				C41893681C1085C400794ECE /* messageComment@2x.png in Resources */,
				C41892DC1C0F2BB800794ECE /* twoFABtn_Nav@2x.png in Resources */,
				C4D722101C0DD7D300BEA80A /* tweet_normal@2x.png in Resources */,
				C41892D41C0F2BB800794ECE /* addUserBtn_Nav@2x.png in Resources */,
				C41892D81C0F2BB800794ECE /* search_Nav@2x.png in Resources */,
				C4D722111C0DD7D300BEA80A /* tweet_selected@2x.png in Resources */,
			);
			runOnlyForDeploymentPostprocessing = 0;
		};
/* End PBXResourcesBuildPhase section */

/* Begin PBXSourcesBuildPhase section */
		C4D721781C0C99E700BEA80A /* Sources */ = {
			isa = PBXSourcesBuildPhase;
			buildActionMask = 2147483647;
			files = (
				C4D721FB1C0DD6EC00BEA80A /* MeViewController.m in Sources */,
				C4D721F51C0DD6D100BEA80A /* TweetViewController.m in Sources */,
				C4D721841C0C99E700BEA80A /* AppDelegate.m in Sources */,
				C4D721F21C0DD6C100BEA80A /* TaskViewController.m in Sources */,
				C4D721EC1C0DD58A00BEA80A /* BaseViewController.m in Sources */,
				C4D721811C0C99E700BEA80A /* main.m in Sources */,
				C4D721951C0C9A8500BEA80A /* JYTabBarController.m in Sources */,
				C4D721F81C0DD6E200BEA80A /* MessageViewController.m in Sources */,
				C4D721EF1C0DD6B500BEA80A /* ProjectViewController.m in Sources */,
			);
			runOnlyForDeploymentPostprocessing = 0;
		};
/* End PBXSourcesBuildPhase section */

/* Begin PBXVariantGroup section */
		C4D721871C0C99E700BEA80A /* LaunchScreen.storyboard */ = {
			isa = PBXVariantGroup;
			children = (
				C4D721881C0C99E700BEA80A /* Base */,
			);
			name = LaunchScreen.storyboard;
			sourceTree = "<group>";
		};
/* End PBXVariantGroup section */

/* Begin XCBuildConfiguration section */
		C4D7218B1C0C99E700BEA80A /* Debug */ = {
			isa = XCBuildConfiguration;
			buildSettings = {
				ALWAYS_SEARCH_USER_PATHS = NO;
				CLANG_CXX_LANGUAGE_STANDARD = "gnu++0x";
				CLANG_CXX_LIBRARY = "libc++";
				CLANG_ENABLE_MODULES = YES;
				CLANG_ENABLE_OBJC_ARC = YES;
				CLANG_WARN_BOOL_CONVERSION = YES;
				CLANG_WARN_CONSTANT_CONVERSION = YES;
				CLANG_WARN_DIRECT_OBJC_ISA_USAGE = YES_ERROR;
				CLANG_WARN_EMPTY_BODY = YES;
				CLANG_WARN_ENUM_CONVERSION = YES;
				CLANG_WARN_INT_CONVERSION = YES;
				CLANG_WARN_OBJC_ROOT_CLASS = YES_ERROR;
				CLANG_WARN_UNREACHABLE_CODE = YES;
				CLANG_WARN__DUPLICATE_METHOD_MATCH = YES;
				"CODE_SIGN_IDENTITY[sdk=iphoneos*]" = "iPhone Developer";
				COPY_PHASE_STRIP = NO;
				DEBUG_INFORMATION_FORMAT = dwarf;
				ENABLE_STRICT_OBJC_MSGSEND = YES;
				ENABLE_TESTABILITY = YES;
				GCC_C_LANGUAGE_STANDARD = gnu99;
				GCC_DYNAMIC_NO_PIC = NO;
				GCC_NO_COMMON_BLOCKS = YES;
				GCC_OPTIMIZATION_LEVEL = 0;
				GCC_PREPROCESSOR_DEFINITIONS = (
					"DEBUG=1",
					"$(inherited)",
				);
				GCC_WARN_64_TO_32_BIT_CONVERSION = YES;
				GCC_WARN_ABOUT_RETURN_TYPE = YES_ERROR;
				GCC_WARN_UNDECLARED_SELECTOR = YES;
				GCC_WARN_UNINITIALIZED_AUTOS = YES_AGGRESSIVE;
				GCC_WARN_UNUSED_FUNCTION = YES;
				GCC_WARN_UNUSED_VARIABLE = YES;
				IPHONEOS_DEPLOYMENT_TARGET = 9.1;
				MTL_ENABLE_DEBUG_INFO = YES;
				ONLY_ACTIVE_ARCH = YES;
				SDKROOT = iphoneos;
				TARGETED_DEVICE_FAMILY = "1,2";
			};
			name = Debug;
		};
		C4D7218C1C0C99E700BEA80A /* Release */ = {
			isa = XCBuildConfiguration;
			buildSettings = {
				ALWAYS_SEARCH_USER_PATHS = NO;
				CLANG_CXX_LANGUAGE_STANDARD = "gnu++0x";
				CLANG_CXX_LIBRARY = "libc++";
				CLANG_ENABLE_MODULES = YES;
				CLANG_ENABLE_OBJC_ARC = YES;
				CLANG_WARN_BOOL_CONVERSION = YES;
				CLANG_WARN_CONSTANT_CONVERSION = YES;
				CLANG_WARN_DIRECT_OBJC_ISA_USAGE = YES_ERROR;
				CLANG_WARN_EMPTY_BODY = YES;
				CLANG_WARN_ENUM_CONVERSION = YES;
				CLANG_WARN_INT_CONVERSION = YES;
				CLANG_WARN_OBJC_ROOT_CLASS = YES_ERROR;
				CLANG_WARN_UNREACHABLE_CODE = YES;
				CLANG_WARN__DUPLICATE_METHOD_MATCH = YES;
				"CODE_SIGN_IDENTITY[sdk=iphoneos*]" = "iPhone Developer";
				COPY_PHASE_STRIP = NO;
				DEBUG_INFORMATION_FORMAT = "dwarf-with-dsym";
				ENABLE_NS_ASSERTIONS = NO;
				ENABLE_STRICT_OBJC_MSGSEND = YES;
				GCC_C_LANGUAGE_STANDARD = gnu99;
				GCC_NO_COMMON_BLOCKS = YES;
				GCC_WARN_64_TO_32_BIT_CONVERSION = YES;
				GCC_WARN_ABOUT_RETURN_TYPE = YES_ERROR;
				GCC_WARN_UNDECLARED_SELECTOR = YES;
				GCC_WARN_UNINITIALIZED_AUTOS = YES_AGGRESSIVE;
				GCC_WARN_UNUSED_FUNCTION = YES;
				GCC_WARN_UNUSED_VARIABLE = YES;
				IPHONEOS_DEPLOYMENT_TARGET = 9.1;
				MTL_ENABLE_DEBUG_INFO = NO;
				SDKROOT = iphoneos;
				TARGETED_DEVICE_FAMILY = "1,2";
				VALIDATE_PRODUCT = YES;
			};
			name = Release;
		};
		C4D7218E1C0C99E700BEA80A /* Debug */ = {
			isa = XCBuildConfiguration;
			buildSettings = {
				ASSETCATALOG_COMPILER_APPICON_NAME = AppIcon;
				GCC_PRECOMPILE_PREFIX_HEADER = YES;
				GCC_PREFIX_HEADER = "$(SRCROOT)/CodingPlatform/utility.pch";
				INFOPLIST_FILE = CodingPlatform/Info.plist;
				LD_RUNPATH_SEARCH_PATHS = "$(inherited) @executable_path/Frameworks";
				PRODUCT_BUNDLE_IDENTIFIER = www.1000phone.com.CodingPlatform;
				PRODUCT_NAME = "$(TARGET_NAME)";
			};
			name = Debug;
		};
		C4D7218F1C0C99E700BEA80A /* Release */ = {
			isa = XCBuildConfiguration;
			buildSettings = {
				ASSETCATALOG_COMPILER_APPICON_NAME = AppIcon;
				GCC_PRECOMPILE_PREFIX_HEADER = YES;
				GCC_PREFIX_HEADER = "$(SRCROOT)/CodingPlatform/utility.pch";
				INFOPLIST_FILE = CodingPlatform/Info.plist;
				LD_RUNPATH_SEARCH_PATHS = "$(inherited) @executable_path/Frameworks";
				PRODUCT_BUNDLE_IDENTIFIER = www.1000phone.com.CodingPlatform;
				PRODUCT_NAME = "$(TARGET_NAME)";
			};
			name = Release;
		};
/* End XCBuildConfiguration section */

/* Begin XCConfigurationList section */
		C4D721771C0C99E700BEA80A /* Build configuration list for PBXProject "CodingPlatform" */ = {
			isa = XCConfigurationList;
			buildConfigurations = (
				C4D7218B1C0C99E700BEA80A /* Debug */,
				C4D7218C1C0C99E700BEA80A /* Release */,
			);
			defaultConfigurationIsVisible = 0;
			defaultConfigurationName = Release;
		};
		C4D7218D1C0C99E700BEA80A /* Build configuration list for PBXNativeTarget "CodingPlatform" */ = {
			isa = XCConfigurationList;
			buildConfigurations = (
				C4D7218E1C0C99E700BEA80A /* Debug */,
				C4D7218F1C0C99E700BEA80A /* Release */,
			);
			defaultConfigurationIsVisible = 0;
			defaultConfigurationName = Release;
		};
/* End XCConfigurationList section */
	};
	rootObject = C4D721741C0C99E700BEA80A /* Project object */;
}
